// !$*UTF8*$!
{
	archiveVersion = 1;
	classes = {
	};
	objectVersion = 50;
	objects = {

/* Begin PBXBuildFile section */
		BFAEE6B120ECCC2A00AA78E8 /* AppDelegate.swift in Sources */ = {isa = PBXBuildFile; fileRef = BFAEE6B020ECCC2A00AA78E8 /* AppDelegate.swift */; };
		BFAEE6B320ECCC2A00AA78E8 /* ViewController.swift in Sources */ = {isa = PBXBuildFile; fileRef = BFAEE6B220ECCC2A00AA78E8 /* ViewController.swift */; };
		BFAEE6B620ECCC2A00AA78E8 /* Main.storyboard in Resources */ = {isa = PBXBuildFile; fileRef = BFAEE6B420ECCC2A00AA78E8 /* Main.storyboard */; };
		BFAEE6B820ECCC2B00AA78E8 /* Assets.xcassets in Resources */ = {isa = PBXBuildFile; fileRef = BFAEE6B720ECCC2B00AA78E8 /* Assets.xcassets */; };
		BFAEE6BB20ECCC2B00AA78E8 /* LaunchScreen.storyboard in Resources */ = {isa = PBXBuildFile; fileRef = BFAEE6B920ECCC2B00AA78E8 /* LaunchScreen.storyboard */; };
/* End PBXBuildFile section */

/* Begin PBXFileReference section */
		BFAEE6AD20ECCC2A00AA78E8 /* Puzzle Game.app */ = {isa = PBXFileReference; explicitFileType = wrapper.application; includeInIndex = 0; path = "Puzzle Game.app"; sourceTree = BUILT_PRODUCTS_DIR; };
		BFAEE6B020ECCC2A00AA78E8 /* AppDelegate.swift */ = {isa = PBXFileReference; lastKnownFileType = sourcecode.swift; path = AppDelegate.swift; sourceTree = "<group>"; };
		BFAEE6B220ECCC2A00AA78E8 /* ViewController.swift */ = {isa = PBXFileReference; lastKnownFileType = sourcecode.swift; path = ViewController.swift; sourceTree = "<group>"; };
		BFAEE6B520ECCC2A00AA78E8 /* Base */ = {isa = PBXFileReference; lastKnownFileType = file.storyboard; name = Base; path = Base.lproj/Main.storyboard; sourceTree = "<group>"; };
		BFAEE6B720ECCC2B00AA78E8 /* Assets.xcassets */ = {isa = PBXFileReference; lastKnownFileType = folder.assetcatalog; path = Assets.xcassets; sourceTree = "<group>"; };
		BFAEE6BA20ECCC2B00AA78E8 /* Base */ = {isa = PBXFileReference; lastKnownFileType = file.storyboard; name = Base; path = Base.lproj/LaunchScreen.storyboard; sourceTree = "<group>"; };
		BFAEE6BC20ECCC2B00AA78E8 /* Info.plist */ = {isa = PBXFileReference; lastKnownFileType = text.plist.xml; path = Info.plist; sourceTree = "<group>"; };
/* End PBXFileReference section */

/* Begin PBXFrameworksBuildPhase section */
		BFAEE6AA20ECCC2A00AA78E8 /* Frameworks */ = {
			isa = PBXFrameworksBuildPhase;
			buildActionMask = 2147483647;
			files = (
			);
			runOnlyForDeploymentPostprocessing = 0;
		};
/* End PBXFrameworksBuildPhase section */

/* Begin PBXGroup section */
		BFAEE6A420ECCC2A00AA78E8 = {
			isa = PBXGroup;
			children = (
				BFAEE6AF20ECCC2A00AA78E8 /* Puzzle Game */,
				BFAEE6AE20ECCC2A00AA78E8 /* Products */,
			);
			sourceTree = "<group>";
		};
		BFAEE6AE20ECCC2A00AA78E8 /* Products */ = {
			isa = PBXGroup;
			children = (
				BFAEE6AD20ECCC2A00AA78E8 /* Puzzle Game.app */,
			);
			name = Products;
			sourceTree = "<group>";
		};
		BFAEE6AF20ECCC2A00AA78E8 /* Puzzle Game */ = {
			isa = PBXGroup;
			children = (
				BFAEE6B020ECCC2A00AA78E8 /* AppDelegate.swift */,
				BFAEE6B220ECCC2A00AA78E8 /* ViewController.swift */,
				BFAEE6B420ECCC2A00AA78E8 /* Main.storyboard */,
				BFAEE6B720ECCC2B00AA78E8 /* Assets.xcassets */,
				BFAEE6B920ECCC2B00AA78E8 /* LaunchScreen.storyboard */,
				BFAEE6BC20ECCC2B00AA78E8 /* Info.plist */,
			);
			path = "Puzzle Game";
			sourceTree = "<group>";
		};
/* End PBXGroup section */

/* Begin PBXNativeTarget section */
		BFAEE6AC20ECCC2A00AA78E8 /* Puzzle Game */ = {
			isa = PBXNativeTarget;
			buildConfigurationList = BFAEE6BF20ECCC2B00AA78E8 /* Build configuration list for PBXNativeTarget "Puzzle Game" */;
			buildPhases = (
				BFAEE6A920ECCC2A00AA78E8 /* Sources */,
				BFAEE6AA20ECCC2A00AA78E8 /* Frameworks */,
				BFAEE6AB20ECCC2A00AA78E8 /* Resources */,
			);
			buildRules = (
			);
			dependencies = (
			);
			name = "Puzzle Game";
			productName = "Puzzle Game";
			productReference = BFAEE6AD20ECCC2A00AA78E8 /* Puzzle Game.app */;
			productType = "com.apple.product-type.application";
		};
/* End PBXNativeTarget section */

/* Begin PBXProject section */
		BFAEE6A520ECCC2A00AA78E8 /* Project object */ = {
			isa = PBXProject;
			attributes = {
				LastSwiftUpdateCheck = 0940;
				LastUpgradeCheck = 0940;
				ORGANIZATIONNAME = "Van Le";
				TargetAttributes = {
					BFAEE6AC20ECCC2A00AA78E8 = {
						CreatedOnToolsVersion = 9.4.1;
					};
				};
			};
			buildConfigurationList = BFAEE6A820ECCC2A00AA78E8 /* Build configuration list for PBXProject "Puzzle Game" */;
			compatibilityVersion = "Xcode 9.3";
			developmentRegion = en;
			hasScannedForEncodings = 0;
			knownRegions = (
				en,
				Base,
			);
			mainGroup = BFAEE6A420ECCC2A00AA78E8;
			productRefGroup = BFAEE6AE20ECCC2A00AA78E8 /* Products */;
			projectDirPath = "";
			projectRoot = "";
			targets = (
				BFAEE6AC20ECCC2A00AA78E8 /* Puzzle Game */,
			);
		};
/* End PBXProject section */

/* Begin PBXResourcesBuildPhase section */
		BFAEE6AB20ECCC2A00AA78E8 /* Resources */ = {
			isa = PBXResourcesBuildPhase;
			buildActionMask = 2147483647;
			files = (
				BFAEE6BB20ECCC2B00AA78E8 /* LaunchScreen.storyboard in Resources */,
				BFAEE6B820ECCC2B00AA78E8 /* Assets.xcassets in Resources */,
				BFAEE6B620ECCC2A00AA78E8 /* Main.storyboard in Resources */,
			);
			runOnlyForDeploymentPostprocessing = 0;
		};
/* End PBXResourcesBuildPhase section */

/* Begin PBXSourcesBuildPhase section */
		BFAEE6A920ECCC2A00AA78E8 /* Sources */ = {
			isa = PBXSourcesBuildPhase;
			buildActionMask = 2147483647;
			files = (
				BFAEE6B320ECCC2A00AA78E8 /* ViewController.swift in Sources */,
				BFAEE6B120ECCC2A00AA78E8 /* AppDelegate.swift in Sources */,
			);
			runOnlyForDeploymentPostprocessing = 0;
		};
/* End PBXSourcesBuildPhase section */

/* Begin PBXVariantGroup section */
		BFAEE6B420ECCC2A00AA78E8 /* Main.storyboard */ = {
			isa = PBXVariantGroup;
			children = (
				BFAEE6B520ECCC2A00AA78E8 /* Base */,
			);
			name = Main.storyboard;
			sourceTree = "<group>";
		};
		BFAEE6B920ECCC2B00AA78E8 /* LaunchScreen.storyboard */ = {
			isa = PBXVariantGroup;
			children = (
				BFAEE6BA20ECCC2B00AA78E8 /* Base */,
			);
			name = LaunchScreen.storyboard;
			sourceTree = "<group>";
		};
/* End PBXVariantGroup section */

/* Begin XCBuildConfiguration section */
		BFAEE6BD20ECCC2B00AA78E8 /* Debug */ = {
			isa = XCBuildConfiguration;
			buildSettings = {
				ALWAYS_SEARCH_USER_PATHS = NO;
				CLANG_ANALYZER_NONNULL = YES;
				CLANG_ANALYZER_NUMBER_OBJECT_CONVERSION = YES_AGGRESSIVE;
				CLANG_CXX_LANGUAGE_STANDARD = "gnu++14";
				CLANG_CXX_LIBRARY = "libc++";
				CLANG_ENABLE_MODULES = YES;
				CLANG_ENABLE_OBJC_ARC = YES;
				CLANG_ENABLE_OBJC_WEAK = YES;
				CLANG_WARN_BLOCK_CAPTURE_AUTORELEASING = YES;
				CLANG_WARN_BOOL_CONVERSION = YES;
				CLANG_WARN_COMMA = YES;
				CLANG_WARN_CONSTANT_CONVERSION = YES;
				CLANG_WARN_DEPRECATED_OBJC_IMPLEMENTATIONS = YES;
				CLANG_WARN_DIRECT_OBJC_ISA_USAGE = YES_ERROR;
				CLANG_WARN_DOCUMENTATION_COMMENTS = YES;
				CLANG_WARN_EMPTY_BODY = YES;
				CLANG_WARN_ENUM_CONVERSION = YES;
				CLANG_WARN_INFINITE_RECURSION = YES;
				CLANG_WARN_INT_CONVERSION = YES;
				CLANG_WARN_NON_LITERAL_NULL_CONVERSION = YES;
				CLANG_WARN_OBJC_IMPLICIT_RETAIN_SELF = YES;
				CLANG_WARN_OBJC_LITERAL_CONVERSION = YES;
				CLANG_WARN_OBJC_ROOT_CLASS = YES_ERROR;
				CLANG_WARN_RANGE_LOOP_ANALYSIS = YES;
				CLANG_WARN_STRICT_PROTOTYPES = YES;
				CLANG_WARN_SUSPICIOUS_MOVE = YES;
				CLANG_WARN_UNGUARDED_AVAILABILITY = YES_AGGRESSIVE;
				CLANG_WARN_UNREACHABLE_CODE = YES;
				CLANG_WARN__DUPLICATE_METHOD_MATCH = YES;
				CODE_SIGN_IDENTITY = "iPhone Developer";
				COPY_PHASE_STRIP = NO;
				DEBUG_INFORMATION_FORMAT = dwarf;
				ENABLE_STRICT_OBJC_MSGSEND = YES;
				ENABLE_TESTABILITY = YES;
				GCC_C_LANGUAGE_STANDARD = gnu11;
				GCC_DYNAMIC_NO_PIC = NO;
				GCC_NO_COMMON_BLOCKS = YES;
				GCC_OPTIMIZATION_LEVEL = 0;
				GCC_PREPROCESSOR_DEFINITIONS = (
					"DEBUG=1",
					"$(inherited)",
				);
				GCC_WARN_64_TO_32_BIT_CONVERSION = YES;
				GCC_WARN_ABOUT_RETURN_TYPE = YES_ERROR;
				GCC_WARN_UNDECLARED_SELECTOR = YES;
				GCC_WARN_UNINITIALIZED_AUTOS = YES_AGGRESSIVE;
				GCC_WARN_UNUSED_FUNCTION = YES;
				GCC_WARN_UNUSED_VARIABLE = YES;
				IPHONEOS_DEPLOYMENT_TARGET = 11.4;
				MTL_ENABLE_DEBUG_INFO = YES;
				ONLY_ACTIVE_ARCH = YES;
				SDKROOT = iphoneos;
				SWIFT_ACTIVE_COMPILATION_CONDITIONS = DEBUG;
				SWIFT_OPTIMIZATION_LEVEL = "-Onone";
			};
			name = Debug;
		};
		BFAEE6BE20ECCC2B00AA78E8 /* Release */ = {
			isa = XCBuildConfiguration;
			buildSettings = {
				ALWAYS_SEARCH_USER_PATHS = NO;
				CLANG_ANALYZER_NONNULL = YES;
				CLANG_ANALYZER_NUMBER_OBJECT_CONVERSION = YES_AGGRESSIVE;
				CLANG_CXX_LANGUAGE_STANDARD = "gnu++14";
				CLANG_CXX_LIBRARY = "libc++";
				CLANG_ENABLE_MODULES = YES;
				CLANG_ENABLE_OBJC_ARC = YES;
				CLANG_ENABLE_OBJC_WEAK = YES;
				CLANG_WARN_BLOCK_CAPTURE_AUTORELEASING = YES;
				CLANG_WARN_BOOL_CONVERSION = YES;
				CLANG_WARN_COMMA = YES;
				CLANG_WARN_CONSTANT_CONVERSION = YES;
				CLANG_WARN_DEPRECATED_OBJC_IMPLEMENTATIONS = YES;
				CLANG_WARN_DIRECT_OBJC_ISA_USAGE = YES_ERROR;
				CLANG_WARN_DOCUMENTATION_COMMENTS = YES;
				CLANG_WARN_EMPTY_BODY = YES;
				CLANG_WARN_ENUM_CONVERSION = YES;
				CLANG_WARN_INFINITE_RECURSION = YES;
				CLANG_WARN_INT_CONVERSION = YES;
				CLANG_WARN_NON_LITERAL_NULL_CONVERSION = YES;
				CLANG_WARN_OBJC_IMPLICIT_RETAIN_SELF = YES;
				CLANG_WARN_OBJC_LITERAL_CONVERSION = YES;
				CLANG_WARN_OBJC_ROOT_CLASS = YES_ERROR;
				CLANG_WARN_RANGE_LOOP_ANALYSIS = YES;
				CLANG_WARN_STRICT_PROTOTYPES = YES;
				CLANG_WARN_SUSPICIOUS_MOVE = YES;
				CLANG_WARN_UNGUARDED_AVAILABILITY = YES_AGGRESSIVE;
				CLANG_WARN_UNREACHABLE_CODE = YES;
				CLANG_WARN__DUPLICATE_METHOD_MATCH = YES;
				CODE_SIGN_IDENTITY = "iPhone Developer";
				COPY_PHASE_STRIP = NO;
				DEBUG_INFORMATION_FORMAT = "dwarf-with-dsym";
				ENABLE_NS_ASSERTIONS = NO;
				ENABLE_STRICT_OBJC_MSGSEND = YES;
				GCC_C_LANGUAGE_STANDARD = gnu11;
				GCC_NO_COMMON_BLOCKS = YES;
				GCC_WARN_64_TO_32_BIT_CONVERSION = YES;
				GCC_WARN_ABOUT_RETURN_TYPE = YES_ERROR;
				GCC_WARN_UNDECLARED_SELECTOR = YES;
				GCC_WARN_UNINITIALIZED_AUTOS = YES_AGGRESSIVE;
				GCC_WARN_UNUSED_FUNCTION = YES;
				GCC_WARN_UNUSED_VARIABLE = YES;
				IPHONEOS_DEPLOYMENT_TARGET = 11.4;
				MTL_ENABLE_DEBUG_INFO = NO;
				SDKROOT = iphoneos;
				SWIFT_COMPILATION_MODE = wholemodule;
				SWIFT_OPTIMIZATION_LEVEL = "-O";
				VALIDATE_PRODUCT = YES;
			};
			name = Release;
		};
		BFAEE6C020ECCC2B00AA78E8 /* Debug */ = {
			isa = XCBuildConfiguration;
			buildSettings = {
				ASSETCATALOG_COMPILER_APPICON_NAME = AppIcon;
				CODE_SIGN_STYLE = Automatic;
				DEVELOPMENT_TEAM = EWV6ACNJ7K;
				INFOPLIST_FILE = "Puzzle Game/Info.plist";
				LD_RUNPATH_SEARCH_PATHS = (
					"$(inherited)",
					"@executable_path/Frameworks",
				);
				PRODUCT_BUNDLE_IDENTIFIER = "com.lhvan89.Puzzle-Game";
				PRODUCT_NAME = "$(TARGET_NAME)";
				SWIFT_VERSION = 4.0;
				TARGETED_DEVICE_FAMILY = "1,2";
			};
			name = Debug;
		};
		BFAEE6C120ECCC2B00AA78E8 /* Release */ = {
			isa = XCBuildConfiguration;
			buildSettings = {
				ASSETCATALOG_COMPILER_APPICON_NAME = AppIcon;
				CODE_SIGN_STYLE = Automatic;
				DEVELOPMENT_TEAM = EWV6ACNJ7K;
				INFOPLIST_FILE = "Puzzle Game/Info.plist";
				LD_RUNPATH_SEARCH_PATHS = (
					"$(inherited)",
					"@executable_path/Frameworks",
				);
				PRODUCT_BUNDLE_IDENTIFIER = "com.lhvan89.Puzzle-Game";
				PRODUCT_NAME = "$(TARGET_NAME)";
				SWIFT_VERSION = 4.0;
				TARGETED_DEVICE_FAMILY = "1,2";
			};
			name = Release;
		};
/* End XCBuildConfiguration section */

/* Begin XCConfigurationList section */
		BFAEE6A820ECCC2A00AA78E8 /* Build configuration list for PBXProject "Puzzle Game" */ = {
			isa = XCConfigurationList;
			buildConfigurations = (
				BFAEE6BD20ECCC2B00AA78E8 /* Debug */,
				BFAEE6BE20ECCC2B00AA78E8 /* Release */,
			);
			defaultConfigurationIsVisible = 0;
			defaultConfigurationName = Release;
		};
		BFAEE6BF20ECCC2B00AA78E8 /* Build configuration list for PBXNativeTarget "Puzzle Game" */ = {
			isa = XCConfigurationList;
			buildConfigurations = (
				BFAEE6C020ECCC2B00AA78E8 /* Debug */,
				BFAEE6C120ECCC2B00AA78E8 /* Release */,
			);
			defaultConfigurationIsVisible = 0;
			defaultConfigurationName = Release;
		};
/* End XCConfigurationList section */
	};
	rootObject = BFAEE6A520ECCC2A00AA78E8 /* Project object */;
}
