// !$*UTF8*$!
{
	archiveVersion = 1;
	classes = {
	};
	objectVersion = 48;
	objects = {

/* Begin PBXBuildFile section */
		211A820F20BCFA9C00B44DA9 /* AppDelegate.swift in Sources */ = {isa = PBXBuildFile; fileRef = 211A820E20BCFA9C00B44DA9 /* AppDelegate.swift */; };
		211A821120BCFA9C00B44DA9 /* HomeViewController.swift in Sources */ = {isa = PBXBuildFile; fileRef = 211A821020BCFA9C00B44DA9 /* HomeViewController.swift */; };
		211A821420BCFA9C00B44DA9 /* Main.storyboard in Resources */ = {isa = PBXBuildFile; fileRef = 211A821220BCFA9C00B44DA9 /* Main.storyboard */; };
		211A821620BCFA9C00B44DA9 /* Assets.xcassets in Resources */ = {isa = PBXBuildFile; fileRef = 211A821520BCFA9C00B44DA9 /* Assets.xcassets */; };
		211A821920BCFA9C00B44DA9 /* LaunchScreen.storyboard in Resources */ = {isa = PBXBuildFile; fileRef = 211A821720BCFA9C00B44DA9 /* LaunchScreen.storyboard */; };
		211A822420BCFBF000B44DA9 /* SWRevealViewController.m in Sources */ = {isa = PBXBuildFile; fileRef = 211A822320BCFBEF00B44DA9 /* SWRevealViewController.m */; };
		211A822620BD06EF00B44DA9 /* MenuViewController.swift in Sources */ = {isa = PBXBuildFile; fileRef = 211A822520BD06EF00B44DA9 /* MenuViewController.swift */; };
		211A822820BD070300B44DA9 /* MenuTableViewCell.swift in Sources */ = {isa = PBXBuildFile; fileRef = 211A822720BD070300B44DA9 /* MenuTableViewCell.swift */; };
		211A822B20BD178D00B44DA9 /* MessageViewController.swift in Sources */ = {isa = PBXBuildFile; fileRef = 211A822A20BD178D00B44DA9 /* MessageViewController.swift */; };
		211A822D20BD42BC00B44DA9 /* BaseMenuController.swift in Sources */ = {isa = PBXBuildFile; fileRef = 211A822C20BD42BC00B44DA9 /* BaseMenuController.swift */; };
/* End PBXBuildFile section */

/* Begin PBXFileReference section */
		211A820B20BCFA9C00B44DA9 /* Slide Menu.app */ = {isa = PBXFileReference; explicitFileType = wrapper.application; includeInIndex = 0; path = "Slide Menu.app"; sourceTree = BUILT_PRODUCTS_DIR; };
		211A820E20BCFA9C00B44DA9 /* AppDelegate.swift */ = {isa = PBXFileReference; lastKnownFileType = sourcecode.swift; path = AppDelegate.swift; sourceTree = "<group>"; };
		211A821020BCFA9C00B44DA9 /* HomeViewController.swift */ = {isa = PBXFileReference; lastKnownFileType = sourcecode.swift; path = HomeViewController.swift; sourceTree = "<group>"; };
		211A821320BCFA9C00B44DA9 /* Base */ = {isa = PBXFileReference; lastKnownFileType = file.storyboard; name = Base; path = Base.lproj/Main.storyboard; sourceTree = "<group>"; };
		211A821520BCFA9C00B44DA9 /* Assets.xcassets */ = {isa = PBXFileReference; lastKnownFileType = folder.assetcatalog; path = Assets.xcassets; sourceTree = "<group>"; };
		211A821820BCFA9C00B44DA9 /* Base */ = {isa = PBXFileReference; lastKnownFileType = file.storyboard; name = Base; path = Base.lproj/LaunchScreen.storyboard; sourceTree = "<group>"; };
		211A821A20BCFA9C00B44DA9 /* Info.plist */ = {isa = PBXFileReference; lastKnownFileType = text.plist.xml; path = Info.plist; sourceTree = "<group>"; };
		211A822120BCFBEF00B44DA9 /* Slide Menu-Bridging-Header.h */ = {isa = PBXFileReference; lastKnownFileType = sourcecode.c.h; path = "Slide Menu-Bridging-Header.h"; sourceTree = "<group>"; };
		211A822220BCFBEF00B44DA9 /* SWRevealViewController.h */ = {isa = PBXFileReference; fileEncoding = 4; lastKnownFileType = sourcecode.c.h; path = SWRevealViewController.h; sourceTree = "<group>"; };
		211A822320BCFBEF00B44DA9 /* SWRevealViewController.m */ = {isa = PBXFileReference; fileEncoding = 4; lastKnownFileType = sourcecode.c.objc; path = SWRevealViewController.m; sourceTree = "<group>"; };
		211A822520BD06EF00B44DA9 /* MenuViewController.swift */ = {isa = PBXFileReference; lastKnownFileType = sourcecode.swift; path = MenuViewController.swift; sourceTree = "<group>"; };
		211A822720BD070300B44DA9 /* MenuTableViewCell.swift */ = {isa = PBXFileReference; lastKnownFileType = sourcecode.swift; path = MenuTableViewCell.swift; sourceTree = "<group>"; };
		211A822A20BD178D00B44DA9 /* MessageViewController.swift */ = {isa = PBXFileReference; lastKnownFileType = sourcecode.swift; path = MessageViewController.swift; sourceTree = "<group>"; };
		211A822C20BD42BC00B44DA9 /* BaseMenuController.swift */ = {isa = PBXFileReference; lastKnownFileType = sourcecode.swift; path = BaseMenuController.swift; sourceTree = "<group>"; };
/* End PBXFileReference section */

/* Begin PBXFrameworksBuildPhase section */
		211A820820BCFA9C00B44DA9 /* Frameworks */ = {
			isa = PBXFrameworksBuildPhase;
			buildActionMask = 2147483647;
			files = (
			);
			runOnlyForDeploymentPostprocessing = 0;
		};
/* End PBXFrameworksBuildPhase section */

/* Begin PBXGroup section */
		211A820220BCFA9C00B44DA9 = {
			isa = PBXGroup;
			children = (
				211A820D20BCFA9C00B44DA9 /* Slide Menu */,
				211A820C20BCFA9C00B44DA9 /* Products */,
			);
			sourceTree = "<group>";
		};
		211A820C20BCFA9C00B44DA9 /* Products */ = {
			isa = PBXGroup;
			children = (
				211A820B20BCFA9C00B44DA9 /* Slide Menu.app */,
			);
			name = Products;
			sourceTree = "<group>";
		};
		211A820D20BCFA9C00B44DA9 /* Slide Menu */ = {
			isa = PBXGroup;
			children = (
				211A822920BD174400B44DA9 /* ViewControllers */,
				211A822020BCFBC800B44DA9 /* SWRevealViewController */,
				211A820E20BCFA9C00B44DA9 /* AppDelegate.swift */,
				211A821220BCFA9C00B44DA9 /* Main.storyboard */,
				211A821520BCFA9C00B44DA9 /* Assets.xcassets */,
				211A821720BCFA9C00B44DA9 /* LaunchScreen.storyboard */,
				211A821A20BCFA9C00B44DA9 /* Info.plist */,
			);
			path = "Slide Menu";
			sourceTree = "<group>";
		};
		211A822020BCFBC800B44DA9 /* SWRevealViewController */ = {
			isa = PBXGroup;
			children = (
				211A822220BCFBEF00B44DA9 /* SWRevealViewController.h */,
				211A822320BCFBEF00B44DA9 /* SWRevealViewController.m */,
				211A822120BCFBEF00B44DA9 /* Slide Menu-Bridging-Header.h */,
			);
			path = SWRevealViewController;
			sourceTree = "<group>";
		};
		211A822920BD174400B44DA9 /* ViewControllers */ = {
			isa = PBXGroup;
			children = (
				211A821020BCFA9C00B44DA9 /* HomeViewController.swift */,
				211A822520BD06EF00B44DA9 /* MenuViewController.swift */,
				211A822720BD070300B44DA9 /* MenuTableViewCell.swift */,
				211A822A20BD178D00B44DA9 /* MessageViewController.swift */,
				211A822C20BD42BC00B44DA9 /* BaseMenuController.swift */,
			);
			path = ViewControllers;
			sourceTree = "<group>";
		};
/* End PBXGroup section */

/* Begin PBXNativeTarget section */
		211A820A20BCFA9C00B44DA9 /* Slide Menu */ = {
			isa = PBXNativeTarget;
			buildConfigurationList = 211A821D20BCFA9C00B44DA9 /* Build configuration list for PBXNativeTarget "Slide Menu" */;
			buildPhases = (
				211A820720BCFA9C00B44DA9 /* Sources */,
				211A820820BCFA9C00B44DA9 /* Frameworks */,
				211A820920BCFA9C00B44DA9 /* Resources */,
			);
			buildRules = (
			);
			dependencies = (
			);
			name = "Slide Menu";
			productName = "Slide Menu";
			productReference = 211A820B20BCFA9C00B44DA9 /* Slide Menu.app */;
			productType = "com.apple.product-type.application";
		};
/* End PBXNativeTarget section */

/* Begin PBXProject section */
		211A820320BCFA9C00B44DA9 /* Project object */ = {
			isa = PBXProject;
			attributes = {
				LastSwiftUpdateCheck = 0920;
				LastUpgradeCheck = 0920;
				ORGANIZATIONNAME = Van;
				TargetAttributes = {
					211A820A20BCFA9C00B44DA9 = {
						CreatedOnToolsVersion = 9.2;
						LastSwiftMigration = 0920;
						ProvisioningStyle = Automatic;
					};
				};
			};
			buildConfigurationList = 211A820620BCFA9C00B44DA9 /* Build configuration list for PBXProject "Slide Menu" */;
			compatibilityVersion = "Xcode 8.0";
			developmentRegion = en;
			hasScannedForEncodings = 0;
			knownRegions = (
				en,
				Base,
			);
			mainGroup = 211A820220BCFA9C00B44DA9;
			productRefGroup = 211A820C20BCFA9C00B44DA9 /* Products */;
			projectDirPath = "";
			projectRoot = "";
			targets = (
				211A820A20BCFA9C00B44DA9 /* Slide Menu */,
			);
		};
/* End PBXProject section */

/* Begin PBXResourcesBuildPhase section */
		211A820920BCFA9C00B44DA9 /* Resources */ = {
			isa = PBXResourcesBuildPhase;
			buildActionMask = 2147483647;
			files = (
				211A821920BCFA9C00B44DA9 /* LaunchScreen.storyboard in Resources */,
				211A821620BCFA9C00B44DA9 /* Assets.xcassets in Resources */,
				211A821420BCFA9C00B44DA9 /* Main.storyboard in Resources */,
			);
			runOnlyForDeploymentPostprocessing = 0;
		};
/* End PBXResourcesBuildPhase section */

/* Begin PBXSourcesBuildPhase section */
		211A820720BCFA9C00B44DA9 /* Sources */ = {
			isa = PBXSourcesBuildPhase;
			buildActionMask = 2147483647;
			files = (
				211A821120BCFA9C00B44DA9 /* HomeViewController.swift in Sources */,
				211A820F20BCFA9C00B44DA9 /* AppDelegate.swift in Sources */,
				211A822420BCFBF000B44DA9 /* SWRevealViewController.m in Sources */,
				211A822D20BD42BC00B44DA9 /* BaseMenuController.swift in Sources */,
				211A822620BD06EF00B44DA9 /* MenuViewController.swift in Sources */,
				211A822B20BD178D00B44DA9 /* MessageViewController.swift in Sources */,
				211A822820BD070300B44DA9 /* MenuTableViewCell.swift in Sources */,
			);
			runOnlyForDeploymentPostprocessing = 0;
		};
/* End PBXSourcesBuildPhase section */

/* Begin PBXVariantGroup section */
		211A821220BCFA9C00B44DA9 /* Main.storyboard */ = {
			isa = PBXVariantGroup;
			children = (
				211A821320BCFA9C00B44DA9 /* Base */,
			);
			name = Main.storyboard;
			sourceTree = "<group>";
		};
		211A821720BCFA9C00B44DA9 /* LaunchScreen.storyboard */ = {
			isa = PBXVariantGroup;
			children = (
				211A821820BCFA9C00B44DA9 /* Base */,
			);
			name = LaunchScreen.storyboard;
			sourceTree = "<group>";
		};
/* End PBXVariantGroup section */

/* Begin XCBuildConfiguration section */
		211A821B20BCFA9C00B44DA9 /* Debug */ = {
			isa = XCBuildConfiguration;
			buildSettings = {
				ALWAYS_SEARCH_USER_PATHS = NO;
				CLANG_ANALYZER_NONNULL = YES;
				CLANG_ANALYZER_NUMBER_OBJECT_CONVERSION = YES_AGGRESSIVE;
				CLANG_CXX_LANGUAGE_STANDARD = "gnu++14";
				CLANG_CXX_LIBRARY = "libc++";
				CLANG_ENABLE_MODULES = YES;
				CLANG_ENABLE_OBJC_ARC = YES;
				CLANG_WARN_BLOCK_CAPTURE_AUTORELEASING = YES;
				CLANG_WARN_BOOL_CONVERSION = YES;
				CLANG_WARN_COMMA = YES;
				CLANG_WARN_CONSTANT_CONVERSION = YES;
				CLANG_WARN_DIRECT_OBJC_ISA_USAGE = YES_ERROR;
				CLANG_WARN_DOCUMENTATION_COMMENTS = YES;
				CLANG_WARN_EMPTY_BODY = YES;
				CLANG_WARN_ENUM_CONVERSION = YES;
				CLANG_WARN_INFINITE_RECURSION = YES;
				CLANG_WARN_INT_CONVERSION = YES;
				CLANG_WARN_NON_LITERAL_NULL_CONVERSION = YES;
				CLANG_WARN_OBJC_LITERAL_CONVERSION = YES;
				CLANG_WARN_OBJC_ROOT_CLASS = YES_ERROR;
				CLANG_WARN_RANGE_LOOP_ANALYSIS = YES;
				CLANG_WARN_STRICT_PROTOTYPES = YES;
				CLANG_WARN_SUSPICIOUS_MOVE = YES;
				CLANG_WARN_UNGUARDED_AVAILABILITY = YES_AGGRESSIVE;
				CLANG_WARN_UNREACHABLE_CODE = YES;
				CLANG_WARN__DUPLICATE_METHOD_MATCH = YES;
				CODE_SIGN_IDENTITY = "iPhone Developer";
				COPY_PHASE_STRIP = NO;
				DEBUG_INFORMATION_FORMAT = dwarf;
				ENABLE_STRICT_OBJC_MSGSEND = YES;
				ENABLE_TESTABILITY = YES;
				GCC_C_LANGUAGE_STANDARD = gnu11;
				GCC_DYNAMIC_NO_PIC = NO;
				GCC_NO_COMMON_BLOCKS = YES;
				GCC_OPTIMIZATION_LEVEL = 0;
				GCC_PREPROCESSOR_DEFINITIONS = (
					"DEBUG=1",
					"$(inherited)",
				);
				GCC_WARN_64_TO_32_BIT_CONVERSION = YES;
				GCC_WARN_ABOUT_RETURN_TYPE = YES_ERROR;
				GCC_WARN_UNDECLARED_SELECTOR = YES;
				GCC_WARN_UNINITIALIZED_AUTOS = YES_AGGRESSIVE;
				GCC_WARN_UNUSED_FUNCTION = YES;
				GCC_WARN_UNUSED_VARIABLE = YES;
				IPHONEOS_DEPLOYMENT_TARGET = 11.2;
				MTL_ENABLE_DEBUG_INFO = YES;
				ONLY_ACTIVE_ARCH = YES;
				SDKROOT = iphoneos;
				SWIFT_ACTIVE_COMPILATION_CONDITIONS = DEBUG;
				SWIFT_OPTIMIZATION_LEVEL = "-Onone";
			};
			name = Debug;
		};
		211A821C20BCFA9C00B44DA9 /* Release */ = {
			isa = XCBuildConfiguration;
			buildSettings = {
				ALWAYS_SEARCH_USER_PATHS = NO;
				CLANG_ANALYZER_NONNULL = YES;
				CLANG_ANALYZER_NUMBER_OBJECT_CONVERSION = YES_AGGRESSIVE;
				CLANG_CXX_LANGUAGE_STANDARD = "gnu++14";
				CLANG_CXX_LIBRARY = "libc++";
				CLANG_ENABLE_MODULES = YES;
				CLANG_ENABLE_OBJC_ARC = YES;
				CLANG_WARN_BLOCK_CAPTURE_AUTORELEASING = YES;
				CLANG_WARN_BOOL_CONVERSION = YES;
				CLANG_WARN_COMMA = YES;
				CLANG_WARN_CONSTANT_CONVERSION = YES;
				CLANG_WARN_DIRECT_OBJC_ISA_USAGE = YES_ERROR;
				CLANG_WARN_DOCUMENTATION_COMMENTS = YES;
				CLANG_WARN_EMPTY_BODY = YES;
				CLANG_WARN_ENUM_CONVERSION = YES;
				CLANG_WARN_INFINITE_RECURSION = YES;
				CLANG_WARN_INT_CONVERSION = YES;
				CLANG_WARN_NON_LITERAL_NULL_CONVERSION = YES;
				CLANG_WARN_OBJC_LITERAL_CONVERSION = YES;
				CLANG_WARN_OBJC_ROOT_CLASS = YES_ERROR;
				CLANG_WARN_RANGE_LOOP_ANALYSIS = YES;
				CLANG_WARN_STRICT_PROTOTYPES = YES;
				CLANG_WARN_SUSPICIOUS_MOVE = YES;
				CLANG_WARN_UNGUARDED_AVAILABILITY = YES_AGGRESSIVE;
				CLANG_WARN_UNREACHABLE_CODE = YES;
				CLANG_WARN__DUPLICATE_METHOD_MATCH = YES;
				CODE_SIGN_IDENTITY = "iPhone Developer";
				COPY_PHASE_STRIP = NO;
				DEBUG_INFORMATION_FORMAT = "dwarf-with-dsym";
				ENABLE_NS_ASSERTIONS = NO;
				ENABLE_STRICT_OBJC_MSGSEND = YES;
				GCC_C_LANGUAGE_STANDARD = gnu11;
				GCC_NO_COMMON_BLOCKS = YES;
				GCC_WARN_64_TO_32_BIT_CONVERSION = YES;
				GCC_WARN_ABOUT_RETURN_TYPE = YES_ERROR;
				GCC_WARN_UNDECLARED_SELECTOR = YES;
				GCC_WARN_UNINITIALIZED_AUTOS = YES_AGGRESSIVE;
				GCC_WARN_UNUSED_FUNCTION = YES;
				GCC_WARN_UNUSED_VARIABLE = YES;
				IPHONEOS_DEPLOYMENT_TARGET = 11.2;
				MTL_ENABLE_DEBUG_INFO = NO;
				SDKROOT = iphoneos;
				SWIFT_OPTIMIZATION_LEVEL = "-Owholemodule";
				VALIDATE_PRODUCT = YES;
			};
			name = Release;
		};
		211A821E20BCFA9C00B44DA9 /* Debug */ = {
			isa = XCBuildConfiguration;
			buildSettings = {
				ASSETCATALOG_COMPILER_APPICON_NAME = AppIcon;
				CLANG_ENABLE_MODULES = YES;
				CODE_SIGN_STYLE = Automatic;
				DEVELOPMENT_TEAM = EWV6ACNJ7K;
				INFOPLIST_FILE = "Slide Menu/Info.plist";
				IPHONEOS_DEPLOYMENT_TARGET = 10.0;
				LD_RUNPATH_SEARCH_PATHS = "$(inherited) @executable_path/Frameworks";
				PRODUCT_BUNDLE_IDENTIFIER = "com.lhvan.Slide-Menu";
				PRODUCT_NAME = "$(TARGET_NAME)";
				SWIFT_OBJC_BRIDGING_HEADER = "Slide Menu/SWRevealViewController/Slide Menu-Bridging-Header.h";
				SWIFT_OPTIMIZATION_LEVEL = "-Onone";
				SWIFT_VERSION = 4.0;
				TARGETED_DEVICE_FAMILY = "1,2";
			};
			name = Debug;
		};
		211A821F20BCFA9C00B44DA9 /* Release */ = {
			isa = XCBuildConfiguration;
			buildSettings = {
				ASSETCATALOG_COMPILER_APPICON_NAME = AppIcon;
				CLANG_ENABLE_MODULES = YES;
				CODE_SIGN_STYLE = Automatic;
				DEVELOPMENT_TEAM = EWV6ACNJ7K;
				INFOPLIST_FILE = "Slide Menu/Info.plist";
				IPHONEOS_DEPLOYMENT_TARGET = 10.0;
				LD_RUNPATH_SEARCH_PATHS = "$(inherited) @executable_path/Frameworks";
				PRODUCT_BUNDLE_IDENTIFIER = "com.lhvan.Slide-Menu";
				PRODUCT_NAME = "$(TARGET_NAME)";
				SWIFT_OBJC_BRIDGING_HEADER = "Slide Menu/SWRevealViewController/Slide Menu-Bridging-Header.h";
				SWIFT_VERSION = 4.0;
				TARGETED_DEVICE_FAMILY = "1,2";
			};
			name = Release;
		};
/* End XCBuildConfiguration section */

/* Begin XCConfigurationList section */
		211A820620BCFA9C00B44DA9 /* Build configuration list for PBXProject "Slide Menu" */ = {
			isa = XCConfigurationList;
			buildConfigurations = (
				211A821B20BCFA9C00B44DA9 /* Debug */,
				211A821C20BCFA9C00B44DA9 /* Release */,
			);
			defaultConfigurationIsVisible = 0;
			defaultConfigurationName = Release;
		};
		211A821D20BCFA9C00B44DA9 /* Build configuration list for PBXNativeTarget "Slide Menu" */ = {
			isa = XCConfigurationList;
			buildConfigurations = (
				211A821E20BCFA9C00B44DA9 /* Debug */,
				211A821F20BCFA9C00B44DA9 /* Release */,
			);
			defaultConfigurationIsVisible = 0;
			defaultConfigurationName = Release;
		};
/* End XCConfigurationList section */
	};
	rootObject = 211A820320BCFA9C00B44DA9 /* Project object */;
}
