// !$*UTF8*$!
{
	archiveVersion = 1;
	classes = {
	};
	objectVersion = 48;
	objects = {

/* Begin PBXBuildFile section */
		2163F1CE20A458E0009DD56B /* AppDelegate.swift in Sources */ = {isa = PBXBuildFile; fileRef = 2163F1CD20A458E0009DD56B /* AppDelegate.swift */; };
		2163F1D020A458E0009DD56B /* ViewController.swift in Sources */ = {isa = PBXBuildFile; fileRef = 2163F1CF20A458E0009DD56B /* ViewController.swift */; };
		2163F1D320A458E0009DD56B /* Main.storyboard in Resources */ = {isa = PBXBuildFile; fileRef = 2163F1D120A458E0009DD56B /* Main.storyboard */; };
		2163F1D520A458E0009DD56B /* Assets.xcassets in Resources */ = {isa = PBXBuildFile; fileRef = 2163F1D420A458E0009DD56B /* Assets.xcassets */; };
		2163F1D820A458E0009DD56B /* LaunchScreen.storyboard in Resources */ = {isa = PBXBuildFile; fileRef = 2163F1D620A458E0009DD56B /* LaunchScreen.storyboard */; };
/* End PBXBuildFile section */

/* Begin PBXFileReference section */
		2163F1CA20A458E0009DD56B /* markerClustering.app */ = {isa = PBXFileReference; explicitFileType = wrapper.application; includeInIndex = 0; path = markerClustering.app; sourceTree = BUILT_PRODUCTS_DIR; };
		2163F1CD20A458E0009DD56B /* AppDelegate.swift */ = {isa = PBXFileReference; lastKnownFileType = sourcecode.swift; path = AppDelegate.swift; sourceTree = "<group>"; };
		2163F1CF20A458E0009DD56B /* ViewController.swift */ = {isa = PBXFileReference; lastKnownFileType = sourcecode.swift; path = ViewController.swift; sourceTree = "<group>"; };
		2163F1D220A458E0009DD56B /* Base */ = {isa = PBXFileReference; lastKnownFileType = file.storyboard; name = Base; path = Base.lproj/Main.storyboard; sourceTree = "<group>"; };
		2163F1D420A458E0009DD56B /* Assets.xcassets */ = {isa = PBXFileReference; lastKnownFileType = folder.assetcatalog; path = Assets.xcassets; sourceTree = "<group>"; };
		2163F1D720A458E0009DD56B /* Base */ = {isa = PBXFileReference; lastKnownFileType = file.storyboard; name = Base; path = Base.lproj/LaunchScreen.storyboard; sourceTree = "<group>"; };
		2163F1D920A458E0009DD56B /* Info.plist */ = {isa = PBXFileReference; lastKnownFileType = text.plist.xml; path = Info.plist; sourceTree = "<group>"; };
/* End PBXFileReference section */

/* Begin PBXFrameworksBuildPhase section */
		2163F1C720A458E0009DD56B /* Frameworks */ = {
			isa = PBXFrameworksBuildPhase;
			buildActionMask = 2147483647;
			files = (
			);
			runOnlyForDeploymentPostprocessing = 0;
		};
/* End PBXFrameworksBuildPhase section */

/* Begin PBXGroup section */
		2163F1C120A458E0009DD56B = {
			isa = PBXGroup;
			children = (
				2163F1CC20A458E0009DD56B /* markerClustering */,
				2163F1CB20A458E0009DD56B /* Products */,
			);
			sourceTree = "<group>";
		};
		2163F1CB20A458E0009DD56B /* Products */ = {
			isa = PBXGroup;
			children = (
				2163F1CA20A458E0009DD56B /* markerClustering.app */,
			);
			name = Products;
			sourceTree = "<group>";
		};
		2163F1CC20A458E0009DD56B /* markerClustering */ = {
			isa = PBXGroup;
			children = (
				2163F1CD20A458E0009DD56B /* AppDelegate.swift */,
				2163F1CF20A458E0009DD56B /* ViewController.swift */,
				2163F1D120A458E0009DD56B /* Main.storyboard */,
				2163F1D420A458E0009DD56B /* Assets.xcassets */,
				2163F1D620A458E0009DD56B /* LaunchScreen.storyboard */,
				2163F1D920A458E0009DD56B /* Info.plist */,
			);
			path = markerClustering;
			sourceTree = "<group>";
		};
/* End PBXGroup section */

/* Begin PBXNativeTarget section */
		2163F1C920A458E0009DD56B /* markerClustering */ = {
			isa = PBXNativeTarget;
			buildConfigurationList = 2163F1DC20A458E0009DD56B /* Build configuration list for PBXNativeTarget "markerClustering" */;
			buildPhases = (
				2163F1C620A458E0009DD56B /* Sources */,
				2163F1C720A458E0009DD56B /* Frameworks */,
				2163F1C820A458E0009DD56B /* Resources */,
			);
			buildRules = (
			);
			dependencies = (
			);
			name = markerClustering;
			productName = markerClustering;
			productReference = 2163F1CA20A458E0009DD56B /* markerClustering.app */;
			productType = "com.apple.product-type.application";
		};
/* End PBXNativeTarget section */

/* Begin PBXProject section */
		2163F1C220A458E0009DD56B /* Project object */ = {
			isa = PBXProject;
			attributes = {
				LastSwiftUpdateCheck = 0920;
				LastUpgradeCheck = 0920;
				ORGANIZATIONNAME = Van;
				TargetAttributes = {
					2163F1C920A458E0009DD56B = {
						CreatedOnToolsVersion = 9.2;
						ProvisioningStyle = Automatic;
					};
				};
			};
			buildConfigurationList = 2163F1C520A458E0009DD56B /* Build configuration list for PBXProject "markerClustering" */;
			compatibilityVersion = "Xcode 8.0";
			developmentRegion = en;
			hasScannedForEncodings = 0;
			knownRegions = (
				en,
				Base,
			);
			mainGroup = 2163F1C120A458E0009DD56B;
			productRefGroup = 2163F1CB20A458E0009DD56B /* Products */;
			projectDirPath = "";
			projectRoot = "";
			targets = (
				2163F1C920A458E0009DD56B /* markerClustering */,
			);
		};
/* End PBXProject section */

/* Begin PBXResourcesBuildPhase section */
		2163F1C820A458E0009DD56B /* Resources */ = {
			isa = PBXResourcesBuildPhase;
			buildActionMask = 2147483647;
			files = (
				2163F1D820A458E0009DD56B /* LaunchScreen.storyboard in Resources */,
				2163F1D520A458E0009DD56B /* Assets.xcassets in Resources */,
				2163F1D320A458E0009DD56B /* Main.storyboard in Resources */,
			);
			runOnlyForDeploymentPostprocessing = 0;
		};
/* End PBXResourcesBuildPhase section */

/* Begin PBXSourcesBuildPhase section */
		2163F1C620A458E0009DD56B /* Sources */ = {
			isa = PBXSourcesBuildPhase;
			buildActionMask = 2147483647;
			files = (
				2163F1D020A458E0009DD56B /* ViewController.swift in Sources */,
				2163F1CE20A458E0009DD56B /* AppDelegate.swift in Sources */,
			);
			runOnlyForDeploymentPostprocessing = 0;
		};
/* End PBXSourcesBuildPhase section */

/* Begin PBXVariantGroup section */
		2163F1D120A458E0009DD56B /* Main.storyboard */ = {
			isa = PBXVariantGroup;
			children = (
				2163F1D220A458E0009DD56B /* Base */,
			);
			name = Main.storyboard;
			sourceTree = "<group>";
		};
		2163F1D620A458E0009DD56B /* LaunchScreen.storyboard */ = {
			isa = PBXVariantGroup;
			children = (
				2163F1D720A458E0009DD56B /* Base */,
			);
			name = LaunchScreen.storyboard;
			sourceTree = "<group>";
		};
/* End PBXVariantGroup section */

/* Begin XCBuildConfiguration section */
		2163F1DA20A458E0009DD56B /* Debug */ = {
			isa = XCBuildConfiguration;
			buildSettings = {
				ALWAYS_SEARCH_USER_PATHS = NO;
				CLANG_ANALYZER_NONNULL = YES;
				CLANG_ANALYZER_NUMBER_OBJECT_CONVERSION = YES_AGGRESSIVE;
				CLANG_CXX_LANGUAGE_STANDARD = "gnu++14";
				CLANG_CXX_LIBRARY = "libc++";
				CLANG_ENABLE_MODULES = YES;
				CLANG_ENABLE_OBJC_ARC = YES;
				CLANG_WARN_BLOCK_CAPTURE_AUTORELEASING = YES;
				CLANG_WARN_BOOL_CONVERSION = YES;
				CLANG_WARN_COMMA = YES;
				CLANG_WARN_CONSTANT_CONVERSION = YES;
				CLANG_WARN_DIRECT_OBJC_ISA_USAGE = YES_ERROR;
				CLANG_WARN_DOCUMENTATION_COMMENTS = YES;
				CLANG_WARN_EMPTY_BODY = YES;
				CLANG_WARN_ENUM_CONVERSION = YES;
				CLANG_WARN_INFINITE_RECURSION = YES;
				CLANG_WARN_INT_CONVERSION = YES;
				CLANG_WARN_NON_LITERAL_NULL_CONVERSION = YES;
				CLANG_WARN_OBJC_LITERAL_CONVERSION = YES;
				CLANG_WARN_OBJC_ROOT_CLASS = YES_ERROR;
				CLANG_WARN_RANGE_LOOP_ANALYSIS = YES;
				CLANG_WARN_STRICT_PROTOTYPES = YES;
				CLANG_WARN_SUSPICIOUS_MOVE = YES;
				CLANG_WARN_UNGUARDED_AVAILABILITY = YES_AGGRESSIVE;
				CLANG_WARN_UNREACHABLE_CODE = YES;
				CLANG_WARN__DUPLICATE_METHOD_MATCH = YES;
				CODE_SIGN_IDENTITY = "iPhone Developer";
				COPY_PHASE_STRIP = NO;
				DEBUG_INFORMATION_FORMAT = dwarf;
				ENABLE_STRICT_OBJC_MSGSEND = YES;
				ENABLE_TESTABILITY = YES;
				GCC_C_LANGUAGE_STANDARD = gnu11;
				GCC_DYNAMIC_NO_PIC = NO;
				GCC_NO_COMMON_BLOCKS = YES;
				GCC_OPTIMIZATION_LEVEL = 0;
				GCC_PREPROCESSOR_DEFINITIONS = (
					"DEBUG=1",
					"$(inherited)",
				);
				GCC_WARN_64_TO_32_BIT_CONVERSION = YES;
				GCC_WARN_ABOUT_RETURN_TYPE = YES_ERROR;
				GCC_WARN_UNDECLARED_SELECTOR = YES;
				GCC_WARN_UNINITIALIZED_AUTOS = YES_AGGRESSIVE;
				GCC_WARN_UNUSED_FUNCTION = YES;
				GCC_WARN_UNUSED_VARIABLE = YES;
				IPHONEOS_DEPLOYMENT_TARGET = 11.2;
				MTL_ENABLE_DEBUG_INFO = YES;
				ONLY_ACTIVE_ARCH = YES;
				SDKROOT = iphoneos;
				SWIFT_ACTIVE_COMPILATION_CONDITIONS = DEBUG;
				SWIFT_OPTIMIZATION_LEVEL = "-Onone";
			};
			name = Debug;
		};
		2163F1DB20A458E0009DD56B /* Release */ = {
			isa = XCBuildConfiguration;
			buildSettings = {
				ALWAYS_SEARCH_USER_PATHS = NO;
				CLANG_ANALYZER_NONNULL = YES;
				CLANG_ANALYZER_NUMBER_OBJECT_CONVERSION = YES_AGGRESSIVE;
				CLANG_CXX_LANGUAGE_STANDARD = "gnu++14";
				CLANG_CXX_LIBRARY = "libc++";
				CLANG_ENABLE_MODULES = YES;
				CLANG_ENABLE_OBJC_ARC = YES;
				CLANG_WARN_BLOCK_CAPTURE_AUTORELEASING = YES;
				CLANG_WARN_BOOL_CONVERSION = YES;
				CLANG_WARN_COMMA = YES;
				CLANG_WARN_CONSTANT_CONVERSION = YES;
				CLANG_WARN_DIRECT_OBJC_ISA_USAGE = YES_ERROR;
				CLANG_WARN_DOCUMENTATION_COMMENTS = YES;
				CLANG_WARN_EMPTY_BODY = YES;
				CLANG_WARN_ENUM_CONVERSION = YES;
				CLANG_WARN_INFINITE_RECURSION = YES;
				CLANG_WARN_INT_CONVERSION = YES;
				CLANG_WARN_NON_LITERAL_NULL_CONVERSION = YES;
				CLANG_WARN_OBJC_LITERAL_CONVERSION = YES;
				CLANG_WARN_OBJC_ROOT_CLASS = YES_ERROR;
				CLANG_WARN_RANGE_LOOP_ANALYSIS = YES;
				CLANG_WARN_STRICT_PROTOTYPES = YES;
				CLANG_WARN_SUSPICIOUS_MOVE = YES;
				CLANG_WARN_UNGUARDED_AVAILABILITY = YES_AGGRESSIVE;
				CLANG_WARN_UNREACHABLE_CODE = YES;
				CLANG_WARN__DUPLICATE_METHOD_MATCH = YES;
				CODE_SIGN_IDENTITY = "iPhone Developer";
				COPY_PHASE_STRIP = NO;
				DEBUG_INFORMATION_FORMAT = "dwarf-with-dsym";
				ENABLE_NS_ASSERTIONS = NO;
				ENABLE_STRICT_OBJC_MSGSEND = YES;
				GCC_C_LANGUAGE_STANDARD = gnu11;
				GCC_NO_COMMON_BLOCKS = YES;
				GCC_WARN_64_TO_32_BIT_CONVERSION = YES;
				GCC_WARN_ABOUT_RETURN_TYPE = YES_ERROR;
				GCC_WARN_UNDECLARED_SELECTOR = YES;
				GCC_WARN_UNINITIALIZED_AUTOS = YES_AGGRESSIVE;
				GCC_WARN_UNUSED_FUNCTION = YES;
				GCC_WARN_UNUSED_VARIABLE = YES;
				IPHONEOS_DEPLOYMENT_TARGET = 11.2;
				MTL_ENABLE_DEBUG_INFO = NO;
				SDKROOT = iphoneos;
				SWIFT_OPTIMIZATION_LEVEL = "-Owholemodule";
				VALIDATE_PRODUCT = YES;
			};
			name = Release;
		};
		2163F1DD20A458E0009DD56B /* Debug */ = {
			isa = XCBuildConfiguration;
			buildSettings = {
				ASSETCATALOG_COMPILER_APPICON_NAME = AppIcon;
				CODE_SIGN_STYLE = Automatic;
				DEVELOPMENT_TEAM = EWV6ACNJ7K;
				INFOPLIST_FILE = markerClustering/Info.plist;
				LD_RUNPATH_SEARCH_PATHS = "$(inherited) @executable_path/Frameworks";
				PRODUCT_BUNDLE_IDENTIFIER = com.lhvan.markerClustering;
				PRODUCT_NAME = "$(TARGET_NAME)";
				SWIFT_VERSION = 4.0;
				TARGETED_DEVICE_FAMILY = "1,2";
			};
			name = Debug;
		};
		2163F1DE20A458E0009DD56B /* Release */ = {
			isa = XCBuildConfiguration;
			buildSettings = {
				ASSETCATALOG_COMPILER_APPICON_NAME = AppIcon;
				CODE_SIGN_STYLE = Automatic;
				DEVELOPMENT_TEAM = EWV6ACNJ7K;
				INFOPLIST_FILE = markerClustering/Info.plist;
				LD_RUNPATH_SEARCH_PATHS = "$(inherited) @executable_path/Frameworks";
				PRODUCT_BUNDLE_IDENTIFIER = com.lhvan.markerClustering;
				PRODUCT_NAME = "$(TARGET_NAME)";
				SWIFT_VERSION = 4.0;
				TARGETED_DEVICE_FAMILY = "1,2";
			};
			name = Release;
		};
/* End XCBuildConfiguration section */

/* Begin XCConfigurationList section */
		2163F1C520A458E0009DD56B /* Build configuration list for PBXProject "markerClustering" */ = {
			isa = XCConfigurationList;
			buildConfigurations = (
				2163F1DA20A458E0009DD56B /* Debug */,
				2163F1DB20A458E0009DD56B /* Release */,
			);
			defaultConfigurationIsVisible = 0;
			defaultConfigurationName = Release;
		};
		2163F1DC20A458E0009DD56B /* Build configuration list for PBXNativeTarget "markerClustering" */ = {
			isa = XCConfigurationList;
			buildConfigurations = (
				2163F1DD20A458E0009DD56B /* Debug */,
				2163F1DE20A458E0009DD56B /* Release */,
			);
			defaultConfigurationIsVisible = 0;
			defaultConfigurationName = Release;
		};
/* End XCConfigurationList section */
	};
	rootObject = 2163F1C220A458E0009DD56B /* Project object */;
}
